{
  "requires": true,
  "lockfileVersion": 1,
  "dependencies": {
    "fuse.js": {
      "version": "6.3.1",
      "resolved": "https://registry.npmjs.org/fuse.js/-/fuse.js-6.3.1.tgz",
      "integrity": "sha512-oDh14IrQJoCGxg2pooP7AlAhNnNwCNnS3FvUEJN1wT4yLl6v1p8f9je4q4aEEKo6l3lMQWtBhhdvN2POGOJZAw=="
    }
  }
}
